// !$*UTF8*$!
{
	archiveVersion = 1;
	classes = {
	};
	objectVersion = 60;
	objects = {

/* Begin PBXBuildFile section */
		30EEE03A3022B0A200BFEA6C /* AppDataStore.swift in Sources */ = {isa = PBXBuildFile; fileRef = 30EEDFF63022B0A200BFEA6C /* AppDataStore.swift */; };
		30EEE03B3022B0A200BFEA6C /* DecisionQueueView.swift in Sources */ = {isa = PBXBuildFile; fileRef = 30EEDFF83022B0A200BFEA6C /* DecisionQueueView.swift */; };
		30EEE03C3022B0A200BFEA6C /* DecisionQueueViewModel.swift in Sources */ = {isa = PBXBuildFile; fileRef = 30EEDFF93022B0A200BFEA6C /* DecisionQueueViewModel.swift */; };
		30EEE03D3022B0A200BFEA6C /* FavoritesViewModel.swift in Sources */ = {isa = PBXBuildFile; fileRef = 30EEDFFB3022B0A200BFEA6C /* FavoritesViewModel.swift */; };
		30EEE03E3022B0A200BFEA6C /* PhotoFavoritesView.swift in Sources */ = {isa = PBXBuildFile; fileRef = 30EEDFFC3022B0A200BFEA6C /* PhotoFavoritesView.swift */; };
		30EEE03F3022B0A200BFEA6C /* WeeklyInsightsView.swift in Sources */ = {isa = PBXBuildFile; fileRef = 30EEDFFE3022B0A200BFEA6C /* WeeklyInsightsView.swift */; };
		30EEE0403022B0A200BFEA6C /* MainTabView.swift in Sources */ = {isa = PBXBuildFile; fileRef = 30EEE0003022B0A200BFEA6C /* MainTabView.swift */; };
		30EEE0413022B0A200BFEA6C /* OnboardingView.swift in Sources */ = {isa = PBXBuildFile; fileRef = 30EEE0013022B0A200BFEA6C /* OnboardingView.swift */; };
		30EEE0423022B0A200BFEA6C /* RatedShowcaseView.swift in Sources */ = {isa = PBXBuildFile; fileRef = 30EEE0033022B0A200BFEA6C /* RatedShowcaseView.swift */; };
		30EEE0433022B0A200BFEA6C /* RatedShowcaseViewModel.swift in Sources */ = {isa = PBXBuildFile; fileRef = 30EEE0043022B0A200BFEA6C /* RatedShowcaseViewModel.swift */; };
		30EEE0443022B0A200BFEA6C /* RateDuelView.swift in Sources */ = {isa = PBXBuildFile; fileRef = 30EEE0063022B0A200BFEA6C /* RateDuelView.swift */; };
		30EEE0453022B0A200BFEA6C /* RateDuelViewModel.swift in Sources */ = {isa = PBXBuildFile; fileRef = 30EEE0073022B0A200BFEA6C /* RateDuelViewModel.swift */; };
		30EEE0463022B0A200BFEA6C /* ImageReflectionsView.swift in Sources */ = {isa = PBXBuildFile; fileRef = 30EEE0093022B0A200BFEA6C /* ImageReflectionsView.swift */; };
		30EEE0473022B0A200BFEA6C /* MediaHubView.swift in Sources */ = {isa = PBXBuildFile; fileRef = 30EEE00A3022B0A200BFEA6C /* MediaHubView.swift */; };
		30EEE0483022B0A200BFEA6C /* ReflectionsViewModel.swift in Sources */ = {isa = PBXBuildFile; fileRef = 30EEE00B3022B0A200BFEA6C /* ReflectionsViewModel.swift */; };
		30EEE0493022B0A200BFEA6C /* SettingsView.swift in Sources */ = {isa = PBXBuildFile; fileRef = 30EEE00D3022B0A200BFEA6C /* SettingsView.swift */; };
		30EEE04A3022B0A200BFEA6C /* SmartCollectionsView.swift in Sources */ = {isa = PBXBuildFile; fileRef = 30EEE00F3022B0A200BFEA6C /* SmartCollectionsView.swift */; };
		30EEE04B3022B0A200BFEA6C /* SmartCollectionsViewModel.swift in Sources */ = {isa = PBXBuildFile; fileRef = 30EEE0103022B0A200BFEA6C /* SmartCollectionsViewModel.swift */; };
		30EEE04C3022B0A200BFEA6C /* StatsAchievementsView.swift in Sources */ = {isa = PBXBuildFile; fileRef = 30EEE0123022B0A200BFEA6C /* StatsAchievementsView.swift */; };
		30EEE04D3022B0A200BFEA6C /* CalendarGateEvaluator.swift in Sources */ = {isa = PBXBuildFile; fileRef = 30EEE0153022B0A200BFEA6C /* CalendarGateEvaluator.swift */; };
		30EEE04E3022B0A200BFEA6C /* DeferredLaunchCanvas.swift in Sources */ = {isa = PBXBuildFile; fileRef = 30EEE0163022B0A200BFEA6C /* DeferredLaunchCanvas.swift */; };
		30EEE04F3022B0A200BFEA6C /* LaunchDestination.swift in Sources */ = {isa = PBXBuildFile; fileRef = 30EEE0173022B0A200BFEA6C /* LaunchDestination.swift */; };
		30EEE0503022B0A200BFEA6C /* LaunchFlowResolver.swift in Sources */ = {isa = PBXBuildFile; fileRef = 30EEE0183022B0A200BFEA6C /* LaunchFlowResolver.swift */; };
		30EEE0513022B0A200BFEA6C /* LaunchFlowSecrets.swift in Sources */ = {isa = PBXBuildFile; fileRef = 30EEE0193022B0A200BFEA6C /* LaunchFlowSecrets.swift */; };
		30EEE0523022B0A200BFEA6C /* LaunchSessionStore.swift in Sources */ = {isa = PBXBuildFile; fileRef = 30EEE01A3022B0A200BFEA6C /* LaunchSessionStore.swift */; };
		30EEE0533022B0A200BFEA6C /* LaunchStagingState.swift in Sources */ = {isa = PBXBuildFile; fileRef = 30EEE01B3022B0A200BFEA6C /* LaunchStagingState.swift */; };
		30EEE0543022B0A200BFEA6C /* RemoteEntryProbe.swift in Sources */ = {isa = PBXBuildFile; fileRef = 30EEE01C3022B0A200BFEA6C /* RemoteEntryProbe.swift */; };
		30EEE0553022B0A200BFEA6C /* RemoteEntryURLComposer.swift in Sources */ = {isa = PBXBuildFile; fileRef = 30EEE01D3022B0A200BFEA6C /* RemoteEntryURLComposer.swift */; };
		30EEE0563022B0A200BFEA6C /* RootWindowPresenter.swift in Sources */ = {isa = PBXBuildFile; fileRef = 30EEE01E3022B0A200BFEA6C /* RootWindowPresenter.swift */; };
		30EEE0573022B0A200BFEA6C /* WebDocumentSurfaceView.swift in Sources */ = {isa = PBXBuildFile; fileRef = 30EEE01F3022B0A200BFEA6C /* WebDocumentSurfaceView.swift */; };
		30EEE0583022B0A200BFEA6C /* AppLink.swift in Sources */ = {isa = PBXBuildFile; fileRef = 30EEE0213022B0A200BFEA6C /* AppLink.swift */; };
		30EEE0593022B0A200BFEA6C /* AppModels.swift in Sources */ = {isa = PBXBuildFile; fileRef = 30EEE0223022B0A200BFEA6C /* AppModels.swift */; };
		30EEE05A3022B0A200BFEA6C /* CurateHelpers.swift in Sources */ = {isa = PBXBuildFile; fileRef = 30EEE0263022B0A200BFEA6C /* CurateHelpers.swift */; };
		30EEE05B3022B0A200BFEA6C /* CustomCells.swift in Sources */ = {isa = PBXBuildFile; fileRef = 30EEE0273022B0A200BFEA6C /* CustomCells.swift */; };
		30EEE05C3022B0A200BFEA6C /* DepthDesign.swift in Sources */ = {isa = PBXBuildFile; fileRef = 30EEE0283022B0A200BFEA6C /* DepthDesign.swift */; };
		30EEE05D3022B0A200BFEA6C /* HomeVisuals.swift in Sources */ = {isa = PBXBuildFile; fileRef = 30EEE0293022B0A200BFEA6C /* HomeVisuals.swift */; };
		30EEE05E3022B0A200BFEA6C /* SharedUI.swift in Sources */ = {isa = PBXBuildFile; fileRef = 30EEE02A3022B0A200BFEA6C /* SharedUI.swift */; };
		30EEE05F3022B0A200BFEA6C /* FeedbackService.swift in Sources */ = {isa = PBXBuildFile; fileRef = 30EEE02C3022B0A200BFEA6C /* FeedbackService.swift */; };
		30EEE0603022B0A200BFEA6C /* AppDelegate.swift in Sources */ = {isa = PBXBuildFile; fileRef = 30EEE02F3022B0A200BFEA6C /* AppDelegate.swift */; };
		30EEE0613022B0A200BFEA6C /* ContentView.swift in Sources */ = {isa = PBXBuildFile; fileRef = 30EEE0313022B0A200BFEA6C /* ContentView.swift */; };
		30EEE0623022B0A200BFEA6C /* SceneDelegate.swift in Sources */ = {isa = PBXBuildFile; fileRef = 30EEE0373022B0A200BFEA6C /* SceneDelegate.swift */; };
		30EEE0633022B0A200BFEA6C /* ViewController.swift in Sources */ = {isa = PBXBuildFile; fileRef = 30EEE0383022B0A200BFEA6C /* ViewController.swift */; };
		30EEE0643022B0A200BFEA6C /* privacy_policy.md in Resources */ = {isa = PBXBuildFile; fileRef = 30EEE0243022B0A200BFEA6C /* privacy_policy.md */; };
		30EEE0653022B0A200BFEA6C /* Assets.xcassets in Resources */ = {isa = PBXBuildFile; fileRef = 30EEE0303022B0A200BFEA6C /* Assets.xcassets */; };
		30EEE0673022B0A200BFEA6C /* LaunchScreen.storyboard in Resources */ = {isa = PBXBuildFile; fileRef = 30EEE0343022B0A200BFEA6C /* LaunchScreen.storyboard */; };
		30EEE0683022B0A200BFEA6C /* Main.storyboard in Resources */ = {isa = PBXBuildFile; fileRef = 30EEE0363022B0A200BFEA6C /* Main.storyboard */; };
/* End PBXBuildFile section */

/* Begin PBXFileReference section */
		3074D1D8300BA56D008E6369 /* 267ClarivaultShelvora.app */ = {isa = PBXFileReference; explicitFileType = wrapper.application; includeInIndex = 0; path = 267ClarivaultShelvora.app; sourceTree = BUILT_PRODUCTS_DIR; };
		30EEDFF63022B0A200BFEA6C /* AppDataStore.swift */ = {isa = PBXFileReference; lastKnownFileType = sourcecode.swift; path = AppDataStore.swift; sourceTree = "<group>"; };
		30EEDFF83022B0A200BFEA6C /* DecisionQueueView.swift */ = {isa = PBXFileReference; lastKnownFileType = sourcecode.swift; path = DecisionQueueView.swift; sourceTree = "<group>"; };
		30EEDFF93022B0A200BFEA6C /* DecisionQueueViewModel.swift */ = {isa = PBXFileReference; lastKnownFileType = sourcecode.swift; path = DecisionQueueViewModel.swift; sourceTree = "<group>"; };
		30EEDFFB3022B0A200BFEA6C /* FavoritesViewModel.swift */ = {isa = PBXFileReference; lastKnownFileType = sourcecode.swift; path = FavoritesViewModel.swift; sourceTree = "<group>"; };
		30EEDFFC3022B0A200BFEA6C /* PhotoFavoritesView.swift */ = {isa = PBXFileReference; lastKnownFileType = sourcecode.swift; path = PhotoFavoritesView.swift; sourceTree = "<group>"; };
		30EEDFFE3022B0A200BFEA6C /* WeeklyInsightsView.swift */ = {isa = PBXFileReference; lastKnownFileType = sourcecode.swift; path = WeeklyInsightsView.swift; sourceTree = "<group>"; };
		30EEE0003022B0A200BFEA6C /* MainTabView.swift */ = {isa = PBXFileReference; lastKnownFileType = sourcecode.swift; path = MainTabView.swift; sourceTree = "<group>"; };
		30EEE0013022B0A200BFEA6C /* OnboardingView.swift */ = {isa = PBXFileReference; lastKnownFileType = sourcecode.swift; path = OnboardingView.swift; sourceTree = "<group>"; };
		30EEE0033022B0A200BFEA6C /* RatedShowcaseView.swift */ = {isa = PBXFileReference; lastKnownFileType = sourcecode.swift; path = RatedShowcaseView.swift; sourceTree = "<group>"; };
		30EEE0043022B0A200BFEA6C /* RatedShowcaseViewModel.swift */ = {isa = PBXFileReference; lastKnownFileType = sourcecode.swift; path = RatedShowcaseViewModel.swift; sourceTree = "<group>"; };
		30EEE0063022B0A200BFEA6C /* RateDuelView.swift */ = {isa = PBXFileReference; lastKnownFileType = sourcecode.swift; path = RateDuelView.swift; sourceTree = "<group>"; };
		30EEE0073022B0A200BFEA6C /* RateDuelViewModel.swift */ = {isa = PBXFileReference; lastKnownFileType = sourcecode.swift; path = RateDuelViewModel.swift; sourceTree = "<group>"; };
		30EEE0093022B0A200BFEA6C /* ImageReflectionsView.swift */ = {isa = PBXFileReference; lastKnownFileType = sourcecode.swift; path = ImageReflectionsView.swift; sourceTree = "<group>"; };
		30EEE00A3022B0A200BFEA6C /* MediaHubView.swift */ = {isa = PBXFileReference; lastKnownFileType = sourcecode.swift; path = MediaHubView.swift; sourceTree = "<group>"; };
		30EEE00B3022B0A200BFEA6C /* ReflectionsViewModel.swift */ = {isa = PBXFileReference; lastKnownFileType = sourcecode.swift; path = ReflectionsViewModel.swift; sourceTree = "<group>"; };
		30EEE00D3022B0A200BFEA6C /* SettingsView.swift */ = {isa = PBXFileReference; lastKnownFileType = sourcecode.swift; path = SettingsView.swift; sourceTree = "<group>"; };
		30EEE00F3022B0A200BFEA6C /* SmartCollectionsView.swift */ = {isa = PBXFileReference; lastKnownFileType = sourcecode.swift; path = SmartCollectionsView.swift; sourceTree = "<group>"; };
		30EEE0103022B0A200BFEA6C /* SmartCollectionsViewModel.swift */ = {isa = PBXFileReference; lastKnownFileType = sourcecode.swift; path = SmartCollectionsViewModel.swift; sourceTree = "<group>"; };
		30EEE0123022B0A200BFEA6C /* StatsAchievementsView.swift */ = {isa = PBXFileReference; lastKnownFileType = sourcecode.swift; path = StatsAchievementsView.swift; sourceTree = "<group>"; };
		30EEE0153022B0A200BFEA6C /* CalendarGateEvaluator.swift */ = {isa = PBXFileReference; lastKnownFileType = sourcecode.swift; path = CalendarGateEvaluator.swift; sourceTree = "<group>"; };
		30EEE0163022B0A200BFEA6C /* DeferredLaunchCanvas.swift */ = {isa = PBXFileReference; lastKnownFileType = sourcecode.swift; path = DeferredLaunchCanvas.swift; sourceTree = "<group>"; };
		30EEE0173022B0A200BFEA6C /* LaunchDestination.swift */ = {isa = PBXFileReference; lastKnownFileType = sourcecode.swift; path = LaunchDestination.swift; sourceTree = "<group>"; };
		30EEE0183022B0A200BFEA6C /* LaunchFlowResolver.swift */ = {isa = PBXFileReference; lastKnownFileType = sourcecode.swift; path = LaunchFlowResolver.swift; sourceTree = "<group>"; };
		30EEE0193022B0A200BFEA6C /* LaunchFlowSecrets.swift */ = {isa = PBXFileReference; lastKnownFileType = sourcecode.swift; path = LaunchFlowSecrets.swift; sourceTree = "<group>"; };
		30EEE01A3022B0A200BFEA6C /* LaunchSessionStore.swift */ = {isa = PBXFileReference; lastKnownFileType = sourcecode.swift; path = LaunchSessionStore.swift; sourceTree = "<group>"; };
		30EEE01B3022B0A200BFEA6C /* LaunchStagingState.swift */ = {isa = PBXFileReference; lastKnownFileType = sourcecode.swift; path = LaunchStagingState.swift; sourceTree = "<group>"; };
		30EEE01C3022B0A200BFEA6C /* RemoteEntryProbe.swift */ = {isa = PBXFileReference; lastKnownFileType = sourcecode.swift; path = RemoteEntryProbe.swift; sourceTree = "<group>"; };
		30EEE01D3022B0A200BFEA6C /* RemoteEntryURLComposer.swift */ = {isa = PBXFileReference; lastKnownFileType = sourcecode.swift; path = RemoteEntryURLComposer.swift; sourceTree = "<group>"; };
		30EEE01E3022B0A200BFEA6C /* RootWindowPresenter.swift */ = {isa = PBXFileReference; lastKnownFileType = sourcecode.swift; path = RootWindowPresenter.swift; sourceTree = "<group>"; };
		30EEE01F3022B0A200BFEA6C /* WebDocumentSurfaceView.swift */ = {isa = PBXFileReference; lastKnownFileType = sourcecode.swift; path = WebDocumentSurfaceView.swift; sourceTree = "<group>"; };
		30EEE0213022B0A200BFEA6C /* AppLink.swift */ = {isa = PBXFileReference; lastKnownFileType = sourcecode.swift; path = AppLink.swift; sourceTree = "<group>"; };
		30EEE0223022B0A200BFEA6C /* AppModels.swift */ = {isa = PBXFileReference; lastKnownFileType = sourcecode.swift; path = AppModels.swift; sourceTree = "<group>"; };
		30EEE0243022B0A200BFEA6C /* privacy_policy.md */ = {isa = PBXFileReference; lastKnownFileType = net.daringfireball.markdown; path = privacy_policy.md; sourceTree = "<group>"; };
		30EEE0263022B0A200BFEA6C /* CurateHelpers.swift */ = {isa = PBXFileReference; lastKnownFileType = sourcecode.swift; path = CurateHelpers.swift; sourceTree = "<group>"; };
		30EEE0273022B0A200BFEA6C /* CustomCells.swift */ = {isa = PBXFileReference; lastKnownFileType = sourcecode.swift; path = CustomCells.swift; sourceTree = "<group>"; };
		30EEE0283022B0A200BFEA6C /* DepthDesign.swift */ = {isa = PBXFileReference; lastKnownFileType = sourcecode.swift; path = DepthDesign.swift; sourceTree = "<group>"; };
		30EEE0293022B0A200BFEA6C /* HomeVisuals.swift */ = {isa = PBXFileReference; lastKnownFileType = sourcecode.swift; path = HomeVisuals.swift; sourceTree = "<group>"; };
		30EEE02A3022B0A200BFEA6C /* SharedUI.swift */ = {isa = PBXFileReference; lastKnownFileType = sourcecode.swift; path = SharedUI.swift; sourceTree = "<group>"; };
		30EEE02C3022B0A200BFEA6C /* FeedbackService.swift */ = {isa = PBXFileReference; lastKnownFileType = sourcecode.swift; path = FeedbackService.swift; sourceTree = "<group>"; };
		30EEE02F3022B0A200BFEA6C /* AppDelegate.swift */ = {isa = PBXFileReference; lastKnownFileType = sourcecode.swift; path = AppDelegate.swift; sourceTree = "<group>"; };
		30EEE0303022B0A200BFEA6C /* Assets.xcassets */ = {isa = PBXFileReference; lastKnownFileType = folder.assetcatalog; path = Assets.xcassets; sourceTree = "<group>"; };
		30EEE0313022B0A200BFEA6C /* ContentView.swift */ = {isa = PBXFileReference; lastKnownFileType = sourcecode.swift; path = ContentView.swift; sourceTree = "<group>"; };
		30EEE0323022B0A200BFEA6C /* Info.plist */ = {isa = PBXFileReference; lastKnownFileType = text.plist.xml; path = Info.plist; sourceTree = "<group>"; };
		30EEE0333022B0A200BFEA6C /* Base */ = {isa = PBXFileReference; lastKnownFileType = file.storyboard; name = Base; path = Base.lproj/LaunchScreen.storyboard; sourceTree = "<group>"; };
		30EEE0353022B0A200BFEA6C /* Base */ = {isa = PBXFileReference; lastKnownFileType = file.storyboard; name = Base; path = Base.lproj/Main.storyboard; sourceTree = "<group>"; };
		30EEE0373022B0A200BFEA6C /* SceneDelegate.swift */ = {isa = PBXFileReference; lastKnownFileType = sourcecode.swift; path = SceneDelegate.swift; sourceTree = "<group>"; };
		30EEE0383022B0A200BFEA6C /* ViewController.swift */ = {isa = PBXFileReference; lastKnownFileType = sourcecode.swift; path = ViewController.swift; sourceTree = "<group>"; };
		355F23A82EB4B98449C4F83B /* Pods-267ClarivaultShelvora.release.xcconfig */ = {isa = PBXFileReference; includeInIndex = 1; lastKnownFileType = text.xcconfig; name = "Pods-267ClarivaultShelvora.release.xcconfig"; path = "Target Support Files/Pods-267ClarivaultShelvora/Pods-267ClarivaultShelvora.release.xcconfig"; sourceTree = "<group>"; };
		3FB7A3B5F12ECFC6CFFA6418 /* Pods_267ClarivaultShelvora.framework */ = {isa = PBXFileReference; explicitFileType = wrapper.framework; includeInIndex = 0; path = Pods_267ClarivaultShelvora.framework; sourceTree = BUILT_PRODUCTS_DIR; };
		E3DF76AA400449188922530E /* Pods-267ClarivaultShelvora.debug.xcconfig */ = {isa = PBXFileReference; includeInIndex = 1; lastKnownFileType = text.xcconfig; name = "Pods-267ClarivaultShelvora.debug.xcconfig"; path = "Target Support Files/Pods-267ClarivaultShelvora/Pods-267ClarivaultShelvora.debug.xcconfig"; sourceTree = "<group>"; };
/* End PBXFileReference section */

/* Begin PBXFrameworksBuildPhase section */
		3074D1D5300BA56D008E6369 /* Frameworks */ = {
			isa = PBXFrameworksBuildPhase;
			buildActionMask = 2147483647;
			files = (
			);
			runOnlyForDeploymentPostprocessing = 0;
		};
/* End PBXFrameworksBuildPhase section */

/* Begin PBXGroup section */
		3074D1CF300BA56D008E6369 = {
			isa = PBXGroup;
			children = (
				30EEE0393022B0A200BFEA6C /* 267ClarivaultShelvora */,
				3074D1D9300BA56D008E6369 /* Products */,
				436354E5822A68B1CA66B810 /* Pods */,
				AE5D7191263E7CCF596C9098 /* Frameworks */,
			);
			sourceTree = "<group>";
		};
		3074D1D9300BA56D008E6369 /* Products */ = {
			isa = PBXGroup;
			children = (
				3074D1D8300BA56D008E6369 /* 267ClarivaultShelvora.app */,
			);
			name = Products;
			sourceTree = "<group>";
		};
		30EEDFF73022B0A200BFEA6C /* Core */ = {
			isa = PBXGroup;
			children = (
				30EEDFF63022B0A200BFEA6C /* AppDataStore.swift */,
			);
			path = Core;
			sourceTree = "<group>";
		};
		30EEDFFA3022B0A200BFEA6C /* DecisionQueue */ = {
			isa = PBXGroup;
			children = (
				30EEDFF83022B0A200BFEA6C /* DecisionQueueView.swift */,
				30EEDFF93022B0A200BFEA6C /* DecisionQueueViewModel.swift */,
			);
			path = DecisionQueue;
			sourceTree = "<group>";
		};
		30EEDFFD3022B0A200BFEA6C /* Favorites */ = {
			isa = PBXGroup;
			children = (
				30EEDFFB3022B0A200BFEA6C /* FavoritesViewModel.swift */,
				30EEDFFC3022B0A200BFEA6C /* PhotoFavoritesView.swift */,
			);
			path = Favorites;
			sourceTree = "<group>";
		};
		30EEDFFF3022B0A200BFEA6C /* Insights */ = {
			isa = PBXGroup;
			children = (
				30EEDFFE3022B0A200BFEA6C /* WeeklyInsightsView.swift */,
			);
			path = Insights;
			sourceTree = "<group>";
		};
		30EEE0023022B0A200BFEA6C /* Onboarding */ = {
			isa = PBXGroup;
			children = (
				30EEE0003022B0A200BFEA6C /* MainTabView.swift */,
				30EEE0013022B0A200BFEA6C /* OnboardingView.swift */,
			);
			path = Onboarding;
			sourceTree = "<group>";
		};
		30EEE0053022B0A200BFEA6C /* RatedShowcase */ = {
			isa = PBXGroup;
			children = (
				30EEE0033022B0A200BFEA6C /* RatedShowcaseView.swift */,
				30EEE0043022B0A200BFEA6C /* RatedShowcaseViewModel.swift */,
			);
			path = RatedShowcase;
			sourceTree = "<group>";
		};
		30EEE0083022B0A200BFEA6C /* RateDuel */ = {
			isa = PBXGroup;
			children = (
				30EEE0063022B0A200BFEA6C /* RateDuelView.swift */,
				30EEE0073022B0A200BFEA6C /* RateDuelViewModel.swift */,
			);
			path = RateDuel;
			sourceTree = "<group>";
		};
		30EEE00C3022B0A200BFEA6C /* Reflections */ = {
			isa = PBXGroup;
			children = (
				30EEE0093022B0A200BFEA6C /* ImageReflectionsView.swift */,
				30EEE00A3022B0A200BFEA6C /* MediaHubView.swift */,
				30EEE00B3022B0A200BFEA6C /* ReflectionsViewModel.swift */,
			);
			path = Reflections;
			sourceTree = "<group>";
		};
		30EEE00E3022B0A200BFEA6C /* Settings */ = {
			isa = PBXGroup;
			children = (
				30EEE00D3022B0A200BFEA6C /* SettingsView.swift */,
			);
			path = Settings;
			sourceTree = "<group>";
		};
		30EEE0113022B0A200BFEA6C /* SmartCollections */ = {
			isa = PBXGroup;
			children = (
				30EEE00F3022B0A200BFEA6C /* SmartCollectionsView.swift */,
				30EEE0103022B0A200BFEA6C /* SmartCollectionsViewModel.swift */,
			);
			path = SmartCollections;
			sourceTree = "<group>";
		};
		30EEE0133022B0A200BFEA6C /* Stats */ = {
			isa = PBXGroup;
			children = (
				30EEE0123022B0A200BFEA6C /* StatsAchievementsView.swift */,
			);
			path = Stats;
			sourceTree = "<group>";
		};
		30EEE0143022B0A200BFEA6C /* Features */ = {
			isa = PBXGroup;
			children = (
				30EEDFFA3022B0A200BFEA6C /* DecisionQueue */,
				30EEDFFD3022B0A200BFEA6C /* Favorites */,
				30EEDFFF3022B0A200BFEA6C /* Insights */,
				30EEE0023022B0A200BFEA6C /* Onboarding */,
				30EEE0053022B0A200BFEA6C /* RatedShowcase */,
				30EEE0083022B0A200BFEA6C /* RateDuel */,
				30EEE00C3022B0A200BFEA6C /* Reflections */,
				30EEE00E3022B0A200BFEA6C /* Settings */,
				30EEE0113022B0A200BFEA6C /* SmartCollections */,
				30EEE0133022B0A200BFEA6C /* Stats */,
			);
			path = Features;
			sourceTree = "<group>";
		};
		30EEE0203022B0A200BFEA6C /* LaunchFlow */ = {
			isa = PBXGroup;
			children = (
				30EEE0153022B0A200BFEA6C /* CalendarGateEvaluator.swift */,
				30EEE0163022B0A200BFEA6C /* DeferredLaunchCanvas.swift */,
				30EEE0173022B0A200BFEA6C /* LaunchDestination.swift */,
				30EEE0183022B0A200BFEA6C /* LaunchFlowResolver.swift */,
				30EEE0193022B0A200BFEA6C /* LaunchFlowSecrets.swift */,
				30EEE01A3022B0A200BFEA6C /* LaunchSessionStore.swift */,
				30EEE01B3022B0A200BFEA6C /* LaunchStagingState.swift */,
				30EEE01C3022B0A200BFEA6C /* RemoteEntryProbe.swift */,
				30EEE01D3022B0A200BFEA6C /* RemoteEntryURLComposer.swift */,
				30EEE01E3022B0A200BFEA6C /* RootWindowPresenter.swift */,
				30EEE01F3022B0A200BFEA6C /* WebDocumentSurfaceView.swift */,
			);
			path = LaunchFlow;
			sourceTree = "<group>";
		};
		30EEE0233022B0A200BFEA6C /* Models */ = {
			isa = PBXGroup;
			children = (
				30EEE0213022B0A200BFEA6C /* AppLink.swift */,
				30EEE0223022B0A200BFEA6C /* AppModels.swift */,
			);
			path = Models;
			sourceTree = "<group>";
		};
		30EEE0253022B0A200BFEA6C /* Resources */ = {
			isa = PBXGroup;
			children = (
				30EEE0243022B0A200BFEA6C /* privacy_policy.md */,
			);
			path = Resources;
			sourceTree = "<group>";
		};
		30EEE02B3022B0A200BFEA6C /* Components */ = {
			isa = PBXGroup;
			children = (
				30EEE0263022B0A200BFEA6C /* CurateHelpers.swift */,
				30EEE0273022B0A200BFEA6C /* CustomCells.swift */,
				30EEE0283022B0A200BFEA6C /* DepthDesign.swift */,
				30EEE0293022B0A200BFEA6C /* HomeVisuals.swift */,
				30EEE02A3022B0A200BFEA6C /* SharedUI.swift */,
			);
			path = Components;
			sourceTree = "<group>";
		};
		30EEE02D3022B0A200BFEA6C /* Feedback */ = {
			isa = PBXGroup;
			children = (
				30EEE02C3022B0A200BFEA6C /* FeedbackService.swift */,
			);
			path = Feedback;
			sourceTree = "<group>";
		};
		30EEE02E3022B0A200BFEA6C /* Shared */ = {
			isa = PBXGroup;
			children = (
				30EEE02B3022B0A200BFEA6C /* Components */,
				30EEE02D3022B0A200BFEA6C /* Feedback */,
			);
			path = Shared;
			sourceTree = "<group>";
		};
		30EEE0393022B0A200BFEA6C /* 267ClarivaultShelvora */ = {
			isa = PBXGroup;
			children = (
				30EEDFF73022B0A200BFEA6C /* Core */,
				30EEE0143022B0A200BFEA6C /* Features */,
				30EEE0203022B0A200BFEA6C /* LaunchFlow */,
				30EEE0233022B0A200BFEA6C /* Models */,
				30EEE0253022B0A200BFEA6C /* Resources */,
				30EEE02E3022B0A200BFEA6C /* Shared */,
				30EEE02F3022B0A200BFEA6C /* AppDelegate.swift */,
				30EEE0303022B0A200BFEA6C /* Assets.xcassets */,
				30EEE0313022B0A200BFEA6C /* ContentView.swift */,
				30EEE0323022B0A200BFEA6C /* Info.plist */,
				30EEE0343022B0A200BFEA6C /* LaunchScreen.storyboard */,
				30EEE0363022B0A200BFEA6C /* Main.storyboard */,
				30EEE0373022B0A200BFEA6C /* SceneDelegate.swift */,
				30EEE0383022B0A200BFEA6C /* ViewController.swift */,
			);
			path = 267ClarivaultShelvora;
			sourceTree = "<group>";
		};
		436354E5822A68B1CA66B810 /* Pods */ = {
			isa = PBXGroup;
			children = (
				E3DF76AA400449188922530E /* Pods-267ClarivaultShelvora.debug.xcconfig */,
				355F23A82EB4B98449C4F83B /* Pods-267ClarivaultShelvora.release.xcconfig */,
			);
			path = Pods;
			sourceTree = "<group>";
		};
		AE5D7191263E7CCF596C9098 /* Frameworks */ = {
			isa = PBXGroup;
			children = (
				3FB7A3B5F12ECFC6CFFA6418 /* Pods_267ClarivaultShelvora.framework */,
			);
			name = Frameworks;
			sourceTree = "<group>";
		};
/* End PBXGroup section */

/* Begin PBXNativeTarget section */
		3074D1D7300BA56D008E6369 /* 267ClarivaultShelvora */ = {
			isa = PBXNativeTarget;
			buildConfigurationList = 3074D1EB300BA56E008E6369 /* Build configuration list for PBXNativeTarget "267ClarivaultShelvora" */;
			buildPhases = (
				BDA64D039B8173A7D00D8742 /* [CP] Check Pods Manifest.lock */,
				3074D1D4300BA56D008E6369 /* Sources */,
				3074D1D5300BA56D008E6369 /* Frameworks */,
				3074D1D6300BA56D008E6369 /* Resources */,
			);
			buildRules = (
			);
			dependencies = (
			);
			name = 267ClarivaultShelvora;
			productName = 267ClarivaultShelvora;
			productReference = 3074D1D8300BA56D008E6369 /* 267ClarivaultShelvora.app */;
			productType = "com.apple.product-type.application";
		};
/* End PBXNativeTarget section */

/* Begin PBXProject section */
		3074D1D0300BA56D008E6369 /* Project object */ = {
			isa = PBXProject;
			attributes = {
				BuildIndependentTargetsInParallel = 1;
				LastSwiftUpdateCheck = 2660;
				LastUpgradeCheck = 2660;
				TargetAttributes = {
					3074D1D7300BA56D008E6369 = {
						CreatedOnToolsVersion = 26.6;
					};
				};
			};
			buildConfigurationList = 3074D1D3300BA56D008E6369 /* Build configuration list for PBXProject "267ClarivaultShelvora" */;
			compatibilityVersion = "Xcode 15.0";
			developmentRegion = en;
			hasScannedForEncodings = 0;
			knownRegions = (
				en,
				Base,
			);
			mainGroup = 3074D1CF300BA56D008E6369;
			productRefGroup = 3074D1D9300BA56D008E6369 /* Products */;
			projectDirPath = "";
			projectRoot = "";
			targets = (
				3074D1D7300BA56D008E6369 /* 267ClarivaultShelvora */,
			);
		};
/* End PBXProject section */

/* Begin PBXResourcesBuildPhase section */
		3074D1D6300BA56D008E6369 /* Resources */ = {
			isa = PBXResourcesBuildPhase;
			buildActionMask = 2147483647;
			files = (
				30EEE0643022B0A200BFEA6C /* privacy_policy.md in Resources */,
				30EEE0653022B0A200BFEA6C /* Assets.xcassets in Resources */,
				30EEE0673022B0A200BFEA6C /* LaunchScreen.storyboard in Resources */,
				30EEE0683022B0A200BFEA6C /* Main.storyboard in Resources */,
			);
			runOnlyForDeploymentPostprocessing = 0;
		};
/* End PBXResourcesBuildPhase section */

/* Begin PBXShellScriptBuildPhase section */
		BDA64D039B8173A7D00D8742 /* [CP] Check Pods Manifest.lock */ = {
			isa = PBXShellScriptBuildPhase;
			buildActionMask = 2147483647;
			files = (
			);
			inputFileListPaths = (
			);
			inputPaths = (
				"${PODS_PODFILE_DIR_PATH}/Podfile.lock",
				"${PODS_ROOT}/Manifest.lock",
			);
			name = "[CP] Check Pods Manifest.lock";
			outputFileListPaths = (
			);
			outputPaths = (
				"$(DERIVED_FILE_DIR)/Pods-267ClarivaultShelvora-checkManifestLockResult.txt",
			);
			runOnlyForDeploymentPostprocessing = 0;
			shellPath = /bin/sh;
			shellScript = "diff \"${PODS_PODFILE_DIR_PATH}/Podfile.lock\" \"${PODS_ROOT}/Manifest.lock\" > /dev/null\nif [ $? != 0 ] ; then\n    # print error to STDERR\n    echo \"error: The sandbox is not in sync with the Podfile.lock. Run 'pod install' or update your CocoaPods installation.\" >&2\n    exit 1\nfi\n# This output is used by Xcode 'outputs' to avoid re-running this script phase.\necho \"SUCCESS\" > \"${SCRIPT_OUTPUT_FILE_0}\"\n";
			showEnvVarsInLog = 0;
		};
/* End PBXShellScriptBuildPhase section */

/* Begin PBXSourcesBuildPhase section */
		3074D1D4300BA56D008E6369 /* Sources */ = {
			isa = PBXSourcesBuildPhase;
			buildActionMask = 2147483647;
			files = (
				30EEE03A3022B0A200BFEA6C /* AppDataStore.swift in Sources */,
				30EEE03B3022B0A200BFEA6C /* DecisionQueueView.swift in Sources */,
				30EEE03C3022B0A200BFEA6C /* DecisionQueueViewModel.swift in Sources */,
				30EEE03D3022B0A200BFEA6C /* FavoritesViewModel.swift in Sources */,
				30EEE03E3022B0A200BFEA6C /* PhotoFavoritesView.swift in Sources */,
				30EEE03F3022B0A200BFEA6C /* WeeklyInsightsView.swift in Sources */,
				30EEE0403022B0A200BFEA6C /* MainTabView.swift in Sources */,
				30EEE0413022B0A200BFEA6C /* OnboardingView.swift in Sources */,
				30EEE0423022B0A200BFEA6C /* RatedShowcaseView.swift in Sources */,
				30EEE0433022B0A200BFEA6C /* RatedShowcaseViewModel.swift in Sources */,
				30EEE0443022B0A200BFEA6C /* RateDuelView.swift in Sources */,
				30EEE0453022B0A200BFEA6C /* RateDuelViewModel.swift in Sources */,
				30EEE0463022B0A200BFEA6C /* ImageReflectionsView.swift in Sources */,
				30EEE0473022B0A200BFEA6C /* MediaHubView.swift in Sources */,
				30EEE0483022B0A200BFEA6C /* ReflectionsViewModel.swift in Sources */,
				30EEE0493022B0A200BFEA6C /* SettingsView.swift in Sources */,
				30EEE04A3022B0A200BFEA6C /* SmartCollectionsView.swift in Sources */,
				30EEE04B3022B0A200BFEA6C /* SmartCollectionsViewModel.swift in Sources */,
				30EEE04C3022B0A200BFEA6C /* StatsAchievementsView.swift in Sources */,
				30EEE04D3022B0A200BFEA6C /* CalendarGateEvaluator.swift in Sources */,
				30EEE04E3022B0A200BFEA6C /* DeferredLaunchCanvas.swift in Sources */,
				30EEE04F3022B0A200BFEA6C /* LaunchDestination.swift in Sources */,
				30EEE0503022B0A200BFEA6C /* LaunchFlowResolver.swift in Sources */,
				30EEE0513022B0A200BFEA6C /* LaunchFlowSecrets.swift in Sources */,
				30EEE0523022B0A200BFEA6C /* LaunchSessionStore.swift in Sources */,
				30EEE0533022B0A200BFEA6C /* LaunchStagingState.swift in Sources */,
				30EEE0543022B0A200BFEA6C /* RemoteEntryProbe.swift in Sources */,
				30EEE0553022B0A200BFEA6C /* RemoteEntryURLComposer.swift in Sources */,
				30EEE0563022B0A200BFEA6C /* RootWindowPresenter.swift in Sources */,
				30EEE0573022B0A200BFEA6C /* WebDocumentSurfaceView.swift in Sources */,
				30EEE0583022B0A200BFEA6C /* AppLink.swift in Sources */,
				30EEE0593022B0A200BFEA6C /* AppModels.swift in Sources */,
				30EEE05A3022B0A200BFEA6C /* CurateHelpers.swift in Sources */,
				30EEE05B3022B0A200BFEA6C /* CustomCells.swift in Sources */,
				30EEE05C3022B0A200BFEA6C /* DepthDesign.swift in Sources */,
				30EEE05D3022B0A200BFEA6C /* HomeVisuals.swift in Sources */,
				30EEE05E3022B0A200BFEA6C /* SharedUI.swift in Sources */,
				30EEE05F3022B0A200BFEA6C /* FeedbackService.swift in Sources */,
				30EEE0603022B0A200BFEA6C /* AppDelegate.swift in Sources */,
				30EEE0613022B0A200BFEA6C /* ContentView.swift in Sources */,
				30EEE0623022B0A200BFEA6C /* SceneDelegate.swift in Sources */,
				30EEE0633022B0A200BFEA6C /* ViewController.swift in Sources */,
			);
			runOnlyForDeploymentPostprocessing = 0;
		};
/* End PBXSourcesBuildPhase section */

/* Begin PBXVariantGroup section */
		30EEE0343022B0A200BFEA6C /* LaunchScreen.storyboard */ = {
			isa = PBXVariantGroup;
			children = (
				30EEE0333022B0A200BFEA6C /* Base */,
			);
			name = LaunchScreen.storyboard;
			sourceTree = "<group>";
		};
		30EEE0363022B0A200BFEA6C /* Main.storyboard */ = {
			isa = PBXVariantGroup;
			children = (
				30EEE0353022B0A200BFEA6C /* Base */,
			);
			name = Main.storyboard;
			sourceTree = "<group>";
		};
/* End PBXVariantGroup section */

/* Begin XCBuildConfiguration section */
		3074D1EC300BA56E008E6369 /* Debug */ = {
			isa = XCBuildConfiguration;
			baseConfigurationReference = E3DF76AA400449188922530E /* Pods-267ClarivaultShelvora.debug.xcconfig */;
			buildSettings = {
				ASSETCATALOG_COMPILER_APPICON_NAME = AppIcon;
				ASSETCATALOG_COMPILER_GLOBAL_ACCENT_COLOR_NAME = AccentColor;
				CODE_SIGN_STYLE = Automatic;
				CURRENT_PROJECT_VERSION = 1;
				GENERATE_INFOPLIST_FILE = YES;
				INFOPLIST_FILE = 267ClarivaultShelvora/Info.plist;
				INFOPLIST_KEY_CFBundleDisplayName = "Clarivault Shelvora";
				INFOPLIST_KEY_ITSAppUsesNonExemptEncryption = NO;
				INFOPLIST_KEY_LSApplicationCategoryType = "public.app-category.entertainment";
				INFOPLIST_KEY_UIApplicationSupportsIndirectInputEvents = YES;
				INFOPLIST_KEY_UILaunchStoryboardName = LaunchScreen;
				INFOPLIST_KEY_UIStatusBarStyle = UIStatusBarStyleLightContent;
				INFOPLIST_KEY_UISupportedInterfaceOrientations = UIInterfaceOrientationPortrait;
				INFOPLIST_KEY_UISupportedInterfaceOrientations_iPad = "UIInterfaceOrientationLandscapeLeft UIInterfaceOrientationLandscapeRight UIInterfaceOrientationPortrait UIInterfaceOrientationPortraitUpsideDown";
				INFOPLIST_KEY_UIViewControllerBasedStatusBarAppearance = NO;
				IPHONEOS_DEPLOYMENT_TARGET = 16.0;
				LD_RUNPATH_SEARCH_PATHS = (
					"$(inherited)",
					"@executable_path/Frameworks",
				);
				MARKETING_VERSION = 1.2;
				PRODUCT_BUNDLE_IDENTIFIER = com.leo.cl3r1v98ltsh3lv0r3;
				PRODUCT_NAME = "$(TARGET_NAME)";
				STRING_CATALOG_GENERATE_SYMBOLS = YES;
				SUPPORTED_PLATFORMS = "iphoneos iphonesimulator";
				SUPPORTS_MACCATALYST = NO;
				SUPPORTS_MAC_DESIGNED_FOR_IPHONE_IPAD = NO;
				SUPPORTS_XR_DESIGNED_FOR_IPHONE_IPAD = NO;
				SWIFT_APPROACHABLE_CONCURRENCY = YES;
				SWIFT_DEFAULT_ACTOR_ISOLATION = MainActor;
				SWIFT_EMIT_LOC_STRINGS = YES;
				SWIFT_UPCOMING_FEATURE_MEMBER_IMPORT_VISIBILITY = YES;
				SWIFT_VERSION = 5.0;
				TARGETED_DEVICE_FAMILY = 1;
			};
			name = Debug;
		};
		3074D1ED300BA56E008E6369 /* Release */ = {
			isa = XCBuildConfiguration;
			baseConfigurationReference = 355F23A82EB4B98449C4F83B /* Pods-267ClarivaultShelvora.release.xcconfig */;
			buildSettings = {
				ASSETCATALOG_COMPILER_APPICON_NAME = AppIcon;
				ASSETCATALOG_COMPILER_GLOBAL_ACCENT_COLOR_NAME = AccentColor;
				CODE_SIGN_STYLE = Automatic;
				CURRENT_PROJECT_VERSION = 1;
				GENERATE_INFOPLIST_FILE = YES;
				INFOPLIST_FILE = 267ClarivaultShelvora/Info.plist;
				INFOPLIST_KEY_CFBundleDisplayName = "Clarivault Shelvora";
				INFOPLIST_KEY_ITSAppUsesNonExemptEncryption = NO;
				INFOPLIST_KEY_LSApplicationCategoryType = "public.app-category.entertainment";
				INFOPLIST_KEY_UIApplicationSupportsIndirectInputEvents = YES;
				INFOPLIST_KEY_UILaunchStoryboardName = LaunchScreen;
				INFOPLIST_KEY_UIStatusBarStyle = UIStatusBarStyleLightContent;
				INFOPLIST_KEY_UISupportedInterfaceOrientations = UIInterfaceOrientationPortrait;
				INFOPLIST_KEY_UISupportedInterfaceOrientations_iPad = "UIInterfaceOrientationLandscapeLeft UIInterfaceOrientationLandscapeRight UIInterfaceOrientationPortrait UIInterfaceOrientationPortraitUpsideDown";
				INFOPLIST_KEY_UIViewControllerBasedStatusBarAppearance = NO;
				IPHONEOS_DEPLOYMENT_TARGET = 16.0;
				LD_RUNPATH_SEARCH_PATHS = (
					"$(inherited)",
					"@executable_path/Frameworks",
				);
				MARKETING_VERSION = 1.2;
				PRODUCT_BUNDLE_IDENTIFIER = com.leo.cl3r1v98ltsh3lv0r3;
				PRODUCT_NAME = "$(TARGET_NAME)";
				STRING_CATALOG_GENERATE_SYMBOLS = YES;
				SUPPORTED_PLATFORMS = "iphoneos iphonesimulator";
				SUPPORTS_MACCATALYST = NO;
				SUPPORTS_MAC_DESIGNED_FOR_IPHONE_IPAD = NO;
				SUPPORTS_XR_DESIGNED_FOR_IPHONE_IPAD = NO;
				SWIFT_APPROACHABLE_CONCURRENCY = YES;
				SWIFT_DEFAULT_ACTOR_ISOLATION = MainActor;
				SWIFT_EMIT_LOC_STRINGS = YES;
				SWIFT_UPCOMING_FEATURE_MEMBER_IMPORT_VISIBILITY = YES;
				SWIFT_VERSION = 5.0;
				TARGETED_DEVICE_FAMILY = 1;
			};
			name = Release;
		};
		3074D1EE300BA56E008E6369 /* Debug */ = {
			isa = XCBuildConfiguration;
			buildSettings = {
				ALWAYS_SEARCH_USER_PATHS = NO;
				ASSETCATALOG_COMPILER_GENERATE_SWIFT_ASSET_SYMBOL_EXTENSIONS = YES;
				CLANG_ANALYZER_NONNULL = YES;
				CLANG_ANALYZER_NUMBER_OBJECT_CONVERSION = YES_AGGRESSIVE;
				CLANG_CXX_LANGUAGE_STANDARD = "gnu++20";
				CLANG_ENABLE_MODULES = YES;
				CLANG_ENABLE_OBJC_ARC = YES;
				CLANG_ENABLE_OBJC_WEAK = YES;
				CLANG_WARN_BLOCK_CAPTURE_AUTORELEASING = YES;
				CLANG_WARN_BOOL_CONVERSION = YES;
				CLANG_WARN_COMMA = YES;
				CLANG_WARN_CONSTANT_CONVERSION = YES;
				CLANG_WARN_DEPRECATED_OBJC_IMPLEMENTATIONS = YES;
				CLANG_WARN_DIRECT_OBJC_ISA_USAGE = YES_ERROR;
				CLANG_WARN_DOCUMENTATION_COMMENTS = YES;
				CLANG_WARN_EMPTY_BODY = YES;
				CLANG_WARN_ENUM_CONVERSION = YES;
				CLANG_WARN_INFINITE_RECURSION = YES;
				CLANG_WARN_INT_CONVERSION = YES;
				CLANG_WARN_NON_LITERAL_NULL_CONVERSION = YES;
				CLANG_WARN_OBJC_IMPLICIT_RETAIN_SELF = YES;
				CLANG_WARN_OBJC_LITERAL_CONVERSION = YES;
				CLANG_WARN_OBJC_ROOT_CLASS = YES_ERROR;
				CLANG_WARN_QUOTED_INCLUDE_IN_FRAMEWORK_HEADER = YES;
				CLANG_WARN_RANGE_LOOP_ANALYSIS = YES;
				CLANG_WARN_STRICT_PROTOTYPES = YES;
				CLANG_WARN_SUSPICIOUS_MOVE = YES;
				CLANG_WARN_UNGUARDED_AVAILABILITY = YES_AGGRESSIVE;
				CLANG_WARN_UNREACHABLE_CODE = YES;
				CLANG_WARN__DUPLICATE_METHOD_MATCH = YES;
				COPY_PHASE_STRIP = NO;
				DEBUG_INFORMATION_FORMAT = dwarf;
				ENABLE_STRICT_OBJC_MSGSEND = YES;
				ENABLE_TESTABILITY = YES;
				ENABLE_USER_SCRIPT_SANDBOXING = YES;
				GCC_C_LANGUAGE_STANDARD = gnu17;
				GCC_DYNAMIC_NO_PIC = NO;
				GCC_NO_COMMON_BLOCKS = YES;
				GCC_OPTIMIZATION_LEVEL = 0;
				GCC_PREPROCESSOR_DEFINITIONS = (
					"DEBUG=1",
					"$(inherited)",
				);
				GCC_WARN_64_TO_32_BIT_CONVERSION = YES;
				GCC_WARN_ABOUT_RETURN_TYPE = YES_ERROR;
				GCC_WARN_UNDECLARED_SELECTOR = YES;
				GCC_WARN_UNINITIALIZED_AUTOS = YES_AGGRESSIVE;
				GCC_WARN_UNUSED_FUNCTION = YES;
				GCC_WARN_UNUSED_VARIABLE = YES;
				IPHONEOS_DEPLOYMENT_TARGET = 26.5;
				LOCALIZATION_PREFERS_STRING_CATALOGS = YES;
				MTL_ENABLE_DEBUG_INFO = INCLUDE_SOURCE;
				MTL_FAST_MATH = YES;
				ONLY_ACTIVE_ARCH = YES;
				SDKROOT = iphoneos;
				SWIFT_ACTIVE_COMPILATION_CONDITIONS = "DEBUG $(inherited)";
				SWIFT_OPTIMIZATION_LEVEL = "-Onone";
			};
			name = Debug;
		};
		3074D1EF300BA56E008E6369 /* Release */ = {
			isa = XCBuildConfiguration;
			buildSettings = {
				ALWAYS_SEARCH_USER_PATHS = NO;
				ASSETCATALOG_COMPILER_GENERATE_SWIFT_ASSET_SYMBOL_EXTENSIONS = YES;
				CLANG_ANALYZER_NONNULL = YES;
				CLANG_ANALYZER_NUMBER_OBJECT_CONVERSION = YES_AGGRESSIVE;
				CLANG_CXX_LANGUAGE_STANDARD = "gnu++20";
				CLANG_ENABLE_MODULES = YES;
				CLANG_ENABLE_OBJC_ARC = YES;
				CLANG_ENABLE_OBJC_WEAK = YES;
				CLANG_WARN_BLOCK_CAPTURE_AUTORELEASING = YES;
				CLANG_WARN_BOOL_CONVERSION = YES;
				CLANG_WARN_COMMA = YES;
				CLANG_WARN_CONSTANT_CONVERSION = YES;
				CLANG_WARN_DEPRECATED_OBJC_IMPLEMENTATIONS = YES;
				CLANG_WARN_DIRECT_OBJC_ISA_USAGE = YES_ERROR;
				CLANG_WARN_DOCUMENTATION_COMMENTS = YES;
				CLANG_WARN_EMPTY_BODY = YES;
				CLANG_WARN_ENUM_CONVERSION = YES;
				CLANG_WARN_INFINITE_RECURSION = YES;
				CLANG_WARN_INT_CONVERSION = YES;
				CLANG_WARN_NON_LITERAL_NULL_CONVERSION = YES;
				CLANG_WARN_OBJC_IMPLICIT_RETAIN_SELF = YES;
				CLANG_WARN_OBJC_LITERAL_CONVERSION = YES;
				CLANG_WARN_OBJC_ROOT_CLASS = YES_ERROR;
				CLANG_WARN_QUOTED_INCLUDE_IN_FRAMEWORK_HEADER = YES;
				CLANG_WARN_RANGE_LOOP_ANALYSIS = YES;
				CLANG_WARN_STRICT_PROTOTYPES = YES;
				CLANG_WARN_SUSPICIOUS_MOVE = YES;
				CLANG_WARN_UNGUARDED_AVAILABILITY = YES_AGGRESSIVE;
				CLANG_WARN_UNREACHABLE_CODE = YES;
				CLANG_WARN__DUPLICATE_METHOD_MATCH = YES;
				COPY_PHASE_STRIP = NO;
				DEBUG_INFORMATION_FORMAT = "dwarf-with-dsym";
				ENABLE_NS_ASSERTIONS = NO;
				ENABLE_STRICT_OBJC_MSGSEND = YES;
				ENABLE_USER_SCRIPT_SANDBOXING = YES;
				GCC_C_LANGUAGE_STANDARD = gnu17;
				GCC_NO_COMMON_BLOCKS = YES;
				GCC_WARN_64_TO_32_BIT_CONVERSION = YES;
				GCC_WARN_ABOUT_RETURN_TYPE = YES_ERROR;
				GCC_WARN_UNDECLARED_SELECTOR = YES;
				GCC_WARN_UNINITIALIZED_AUTOS = YES_AGGRESSIVE;
				GCC_WARN_UNUSED_FUNCTION = YES;
				GCC_WARN_UNUSED_VARIABLE = YES;
				IPHONEOS_DEPLOYMENT_TARGET = 26.5;
				LOCALIZATION_PREFERS_STRING_CATALOGS = YES;
				MTL_ENABLE_DEBUG_INFO = NO;
				MTL_FAST_MATH = YES;
				SDKROOT = iphoneos;
				SWIFT_COMPILATION_MODE = wholemodule;
				VALIDATE_PRODUCT = YES;
			};
			name = Release;
		};
/* End XCBuildConfiguration section */

/* Begin XCConfigurationList section */
		3074D1D3300BA56D008E6369 /* Build configuration list for PBXProject "267ClarivaultShelvora" */ = {
			isa = XCConfigurationList;
			buildConfigurations = (
				3074D1EE300BA56E008E6369 /* Debug */,
				3074D1EF300BA56E008E6369 /* Release */,
			);
			defaultConfigurationIsVisible = 0;
			defaultConfigurationName = Release;
		};
		3074D1EB300BA56E008E6369 /* Build configuration list for PBXNativeTarget "267ClarivaultShelvora" */ = {
			isa = XCConfigurationList;
			buildConfigurations = (
				3074D1EC300BA56E008E6369 /* Debug */,
				3074D1ED300BA56E008E6369 /* Release */,
			);
			defaultConfigurationIsVisible = 0;
			defaultConfigurationName = Release;
		};
/* End XCConfigurationList section */
	};
	rootObject = 3074D1D0300BA56D008E6369 /* Project object */;
}
